
Microsoft Visual Studio Solution File, Format Version 12.00
# Visual Studio Version 16
VisualStudioVersion = 16.0.31729.503
MinimumVisualStudioVersion = 10.0.40219.1
Project("{FAE04EC0-301F-11D3-BF4B-00C04F79EFBC}") = "Öğrenci not kayıt sistemi sql p1", "Öğrenci not kayıt sistemi sql p1\Öğrenci not kayıt sistemi sql p1.csproj", "{1D5D1312-39A9-4433-9D19-E8B9A2ABEBD2}"
EndProject
Global
	GlobalSection(SolutionConfigurationPlatforms) = preSolution
		Debug|Any CPU = Debug|Any CPU
		Release|Any CPU = Release|Any CPU
	EndGlobalSection
	GlobalSection(ProjectConfigurationPlatforms) = postSolution
		{1D5D1312-39A9-4433-9D19-E8B9A2ABEBD2}.Debug|Any CPU.ActiveCfg = Debug|Any CPU
		{1D5D1312-39A9-4433-9D19-E8B9A2ABEBD2}.Debug|Any CPU.Build.0 = Debug|Any CPU
		{1D5D1312-39A9-4433-9D19-E8B9A2ABEBD2}.Release|Any CPU.ActiveCfg = Release|Any CPU
		{1D5D1312-39A9-4433-9D19-E8B9A2ABEBD2}.Release|Any CPU.Build.0 = Release|Any CPU
	EndGlobalSection
	GlobalSection(SolutionProperties) = preSolution
		HideSolutionNode = FALSE
	EndGlobalSection
	GlobalSection(ExtensibilityGlobals) = postSolution
		SolutionGuid = {63A1A705-FD06-4F9D-97AA-E2FE9984F22A}
	EndGlobalSection
EndGlobal
