
Microsoft Visual Studio Solution File, Format Version 12.00
# Visual Studio Version 16
VisualStudioVersion = 16.0.31729.503
MinimumVisualStudioVersion = 10.0.40219.1
Project("{FAE04EC0-301F-11D3-BF4B-00C04F79EFBC}") = "KIZILAY2", "KIZILAY2\KIZILAY2.csproj", "{DBA8960F-62DB-492A-AE9E-0C34C64DFBC4}"
EndProject
Global
	GlobalSection(SolutionConfigurationPlatforms) = preSolution
		Debug|Any CPU = Debug|Any CPU
		Release|Any CPU = Release|Any CPU
	EndGlobalSection
	GlobalSection(ProjectConfigurationPlatforms) = postSolution
		{DBA8960F-62DB-492A-AE9E-0C34C64DFBC4}.Debug|Any CPU.ActiveCfg = Debug|Any CPU
		{DBA8960F-62DB-492A-AE9E-0C34C64DFBC4}.Debug|Any CPU.Build.0 = Debug|Any CPU
		{DBA8960F-62DB-492A-AE9E-0C34C64DFBC4}.Release|Any CPU.ActiveCfg = Release|Any CPU
		{DBA8960F-62DB-492A-AE9E-0C34C64DFBC4}.Release|Any CPU.Build.0 = Release|Any CPU
	EndGlobalSection
	GlobalSection(SolutionProperties) = preSolution
		HideSolutionNode = FALSE
	EndGlobalSection
	GlobalSection(ExtensibilityGlobals) = postSolution
		SolutionGuid = {0698B9A3-E329-4342-82FD-D3DDF2772B4F}
	EndGlobalSection
EndGlobal
