
Microsoft Visual Studio Solution File, Format Version 12.00
# Visual Studio Version 16
VisualStudioVersion = 16.0.31729.503
MinimumVisualStudioVersion = 10.0.40219.1
Project("{FAE04EC0-301F-11D3-BF4B-00C04F79EFBC}") = "Secim_parti_grafik_uygulaması", "Secim_parti_grafik_uygulaması\Secim_parti_grafik_uygulaması.csproj", "{3289E976-6AF3-417D-8C35-C1D76932C86C}"
EndProject
Global
	GlobalSection(SolutionConfigurationPlatforms) = preSolution
		Debug|Any CPU = Debug|Any CPU
		Release|Any CPU = Release|Any CPU
	EndGlobalSection
	GlobalSection(ProjectConfigurationPlatforms) = postSolution
		{3289E976-6AF3-417D-8C35-C1D76932C86C}.Debug|Any CPU.ActiveCfg = Debug|Any CPU
		{3289E976-6AF3-417D-8C35-C1D76932C86C}.Debug|Any CPU.Build.0 = Debug|Any CPU
		{3289E976-6AF3-417D-8C35-C1D76932C86C}.Release|Any CPU.ActiveCfg = Release|Any CPU
		{3289E976-6AF3-417D-8C35-C1D76932C86C}.Release|Any CPU.Build.0 = Release|Any CPU
	EndGlobalSection
	GlobalSection(SolutionProperties) = preSolution
		HideSolutionNode = FALSE
	EndGlobalSection
	GlobalSection(ExtensibilityGlobals) = postSolution
		SolutionGuid = {33A27E98-1FA5-4302-927C-E2ACC378B6A7}
	EndGlobalSection
EndGlobal
